
Microsoft Visual Studio Solution File, Format Version 12.00
# Visual Studio 15
VisualStudioVersion = 15.0.27703.2026
MinimumVisualStudioVersion = 10.0.40219.1
Project("{8BC9CEB8-8B4A-11D0-8D11-00A0C91BC942}") = "MPI_PatternLerner_Generator", "MPI_PatternLerner_Generator\MPI_PatternLerner_Generator.vcxproj", "{965F5794-57BC-4A66-9EC2-C6ADB61A2E18}"
EndProject
Global
	GlobalSection(SolutionConfigurationPlatforms) = preSolution
		Debug|x64 = Debug|x64
		Debug|x86 = Debug|x86
		Release|x64 = Release|x64
		Release|x86 = Release|x86
	EndGlobalSection
	GlobalSection(ProjectConfigurationPlatforms) = postSolution
		{965F5794-57BC-4A66-9EC2-C6ADB61A2E18}.Debug|x64.ActiveCfg = Debug|x64
		{965F5794-57BC-4A66-9EC2-C6ADB61A2E18}.Debug|x64.Build.0 = Debug|x64
		{965F5794-57BC-4A66-9EC2-C6ADB61A2E18}.Debug|x86.ActiveCfg = Debug|Win32
		{965F5794-57BC-4A66-9EC2-C6ADB61A2E18}.Debug|x86.Build.0 = Debug|Win32
		{965F5794-57BC-4A66-9EC2-C6ADB61A2E18}.Release|x64.ActiveCfg = Release|x64
		{965F5794-57BC-4A66-9EC2-C6ADB61A2E18}.Release|x64.Build.0 = Release|x64
		{965F5794-57BC-4A66-9EC2-C6ADB61A2E18}.Release|x86.ActiveCfg = Release|Win32
		{965F5794-57BC-4A66-9EC2-C6ADB61A2E18}.Release|x86.Build.0 = Release|Win32
	EndGlobalSection
	GlobalSection(SolutionProperties) = preSolution
		HideSolutionNode = FALSE
	EndGlobalSection
	GlobalSection(ExtensibilityGlobals) = postSolution
		SolutionGuid = {AAF2EFCA-52B5-4DF8-B316-95290A8D44CC}
	EndGlobalSection
EndGlobal
